// !$*UTF8*$!
{
	archiveVersion = 1;
	classes = {
	};
	objectVersion = 50;
	objects = {

/* Begin PBXBuildFile section */
		847057E22790526E00F09856 /* AppDelegate.swift in Sources */ = {isa = PBXBuildFile; fileRef = 847057E12790526E00F09856 /* AppDelegate.swift */; };
		847057E92790526E00F09856 /* Main.storyboard in Resources */ = {isa = PBXBuildFile; fileRef = 847057E72790526E00F09856 /* Main.storyboard */; };
		847057EB2790527300F09856 /* Assets.xcassets in Resources */ = {isa = PBXBuildFile; fileRef = 847057EA2790527300F09856 /* Assets.xcassets */; };
		847057EE2790527300F09856 /* LaunchScreen.storyboard in Resources */ = {isa = PBXBuildFile; fileRef = 847057EC2790527300F09856 /* LaunchScreen.storyboard */; };
		847057F92790527400F09856 /* Skills_Development_AppTests.swift in Sources */ = {isa = PBXBuildFile; fileRef = 847057F82790527400F09856 /* Skills_Development_AppTests.swift */; };
		847058042790527400F09856 /* Skills_Development_AppUITests.swift in Sources */ = {isa = PBXBuildFile; fileRef = 847058032790527400F09856 /* Skills_Development_AppUITests.swift */; };
		847058172790782500F09856 /* Authentication.storyboard in Resources */ = {isa = PBXBuildFile; fileRef = 847058162790782500F09856 /* Authentication.storyboard */; };
		847058192790784100F09856 /* Profile.storyboard in Resources */ = {isa = PBXBuildFile; fileRef = 847058182790784100F09856 /* Profile.storyboard */; };
		8470581C2790785F00F09856 /* Home.storyboard in Resources */ = {isa = PBXBuildFile; fileRef = 8470581B2790785F00F09856 /* Home.storyboard */; };
		8470582427907C8700F09856 /* AppSettings.swift in Sources */ = {isa = PBXBuildFile; fileRef = 8470582327907C8700F09856 /* AppSettings.swift */; };
/* End PBXBuildFile section */

/* Begin PBXContainerItemProxy section */
		847057F52790527400F09856 /* PBXContainerItemProxy */ = {
			isa = PBXContainerItemProxy;
			containerPortal = 847057D62790526E00F09856 /* Project object */;
			proxyType = 1;
			remoteGlobalIDString = 847057DD2790526E00F09856;
			remoteInfo = "Skills Development App";
		};
		847058002790527400F09856 /* PBXContainerItemProxy */ = {
			isa = PBXContainerItemProxy;
			containerPortal = 847057D62790526E00F09856 /* Project object */;
			proxyType = 1;
			remoteGlobalIDString = 847057DD2790526E00F09856;
			remoteInfo = "Skills Development App";
		};
/* End PBXContainerItemProxy section */

/* Begin PBXFileReference section */
		847057DE2790526E00F09856 /* Skills Development App.app */ = {isa = PBXFileReference; explicitFileType = wrapper.application; includeInIndex = 0; path = "Skills Development App.app"; sourceTree = BUILT_PRODUCTS_DIR; };
		847057E12790526E00F09856 /* AppDelegate.swift */ = {isa = PBXFileReference; lastKnownFileType = sourcecode.swift; path = AppDelegate.swift; sourceTree = "<group>"; };
		847057E82790526E00F09856 /* Base */ = {isa = PBXFileReference; lastKnownFileType = file.storyboard; name = Base; path = Base.lproj/Main.storyboard; sourceTree = "<group>"; };
		847057EA2790527300F09856 /* Assets.xcassets */ = {isa = PBXFileReference; lastKnownFileType = folder.assetcatalog; path = Assets.xcassets; sourceTree = "<group>"; };
		847057ED2790527300F09856 /* Base */ = {isa = PBXFileReference; lastKnownFileType = file.storyboard; name = Base; path = Base.lproj/LaunchScreen.storyboard; sourceTree = "<group>"; };
		847057EF2790527300F09856 /* Info.plist */ = {isa = PBXFileReference; lastKnownFileType = text.plist.xml; name = Info.plist; path = "Skills Development App/Property List/Info.plist"; sourceTree = SOURCE_ROOT; };
		847057F42790527400F09856 /* Skills Development AppTests.xctest */ = {isa = PBXFileReference; explicitFileType = wrapper.cfbundle; includeInIndex = 0; path = "Skills Development AppTests.xctest"; sourceTree = BUILT_PRODUCTS_DIR; };
		847057F82790527400F09856 /* Skills_Development_AppTests.swift */ = {isa = PBXFileReference; lastKnownFileType = sourcecode.swift; path = Skills_Development_AppTests.swift; sourceTree = "<group>"; };
		847057FA2790527400F09856 /* Info.plist */ = {isa = PBXFileReference; lastKnownFileType = text.plist.xml; path = Info.plist; sourceTree = "<group>"; };
		847057FF2790527400F09856 /* Skills Development AppUITests.xctest */ = {isa = PBXFileReference; explicitFileType = wrapper.cfbundle; includeInIndex = 0; path = "Skills Development AppUITests.xctest"; sourceTree = BUILT_PRODUCTS_DIR; };
		847058032790527400F09856 /* Skills_Development_AppUITests.swift */ = {isa = PBXFileReference; lastKnownFileType = sourcecode.swift; path = Skills_Development_AppUITests.swift; sourceTree = "<group>"; };
		847058052790527400F09856 /* Info.plist */ = {isa = PBXFileReference; lastKnownFileType = text.plist.xml; path = Info.plist; sourceTree = "<group>"; };
		847058162790782500F09856 /* Authentication.storyboard */ = {isa = PBXFileReference; lastKnownFileType = file.storyboard; path = Authentication.storyboard; sourceTree = "<group>"; };
		847058182790784100F09856 /* Profile.storyboard */ = {isa = PBXFileReference; lastKnownFileType = file.storyboard; path = Profile.storyboard; sourceTree = "<group>"; };
		8470581B2790785F00F09856 /* Home.storyboard */ = {isa = PBXFileReference; lastKnownFileType = file.storyboard; path = Home.storyboard; sourceTree = "<group>"; };
		8470582327907C8700F09856 /* AppSettings.swift */ = {isa = PBXFileReference; lastKnownFileType = sourcecode.swift; path = AppSettings.swift; sourceTree = "<group>"; };
/* End PBXFileReference section */

/* Begin PBXFrameworksBuildPhase section */
		847057DB2790526E00F09856 /* Frameworks */ = {
			isa = PBXFrameworksBuildPhase;
			buildActionMask = 2147483647;
			files = (
			);
			runOnlyForDeploymentPostprocessing = 0;
		};
		847057F12790527400F09856 /* Frameworks */ = {
			isa = PBXFrameworksBuildPhase;
			buildActionMask = 2147483647;
			files = (
			);
			runOnlyForDeploymentPostprocessing = 0;
		};
		847057FC2790527400F09856 /* Frameworks */ = {
			isa = PBXFrameworksBuildPhase;
			buildActionMask = 2147483647;
			files = (
			);
			runOnlyForDeploymentPostprocessing = 0;
		};
/* End PBXFrameworksBuildPhase section */

/* Begin PBXGroup section */
		847057D52790526E00F09856 = {
			isa = PBXGroup;
			children = (
				847057E02790526E00F09856 /* Skills Development App */,
				847057F72790527400F09856 /* Skills Development AppTests */,
				847058022790527400F09856 /* Skills Development AppUITests */,
				847057DF2790526E00F09856 /* Products */,
			);
			sourceTree = "<group>";
		};
		847057DF2790526E00F09856 /* Products */ = {
			isa = PBXGroup;
			children = (
				847057DE2790526E00F09856 /* Skills Development App.app */,
				847057F42790527400F09856 /* Skills Development AppTests.xctest */,
				847057FF2790527400F09856 /* Skills Development AppUITests.xctest */,
			);
			name = Products;
			sourceTree = "<group>";
		};
		847057E02790526E00F09856 /* Skills Development App */ = {
			isa = PBXGroup;
			children = (
				847057E12790526E00F09856 /* AppDelegate.swift */,
				8470582327907C8700F09856 /* AppSettings.swift */,
				8470581D27907B4100F09856 /* Controllers */,
				8470581F27907B7300F09856 /* Extensions */,
				8470582027907BC400F09856 /* Config Files */,
				847058132790728700F09856 /* Storyboards */,
				8470581E27907B4F00F09856 /* Assets */,
				8470582227907C5100F09856 /* Property List */,
			);
			path = "Skills Development App";
			sourceTree = "<group>";
		};
		847057F72790527400F09856 /* Skills Development AppTests */ = {
			isa = PBXGroup;
			children = (
				847057F82790527400F09856 /* Skills_Development_AppTests.swift */,
				847057FA2790527400F09856 /* Info.plist */,
			);
			path = "Skills Development AppTests";
			sourceTree = "<group>";
		};
		847058022790527400F09856 /* Skills Development AppUITests */ = {
			isa = PBXGroup;
			children = (
				847058032790527400F09856 /* Skills_Development_AppUITests.swift */,
				847058052790527400F09856 /* Info.plist */,
			);
			path = "Skills Development AppUITests";
			sourceTree = "<group>";
		};
		847058132790728700F09856 /* Storyboards */ = {
			isa = PBXGroup;
			children = (
				847057E72790526E00F09856 /* Main.storyboard */,
				847058162790782500F09856 /* Authentication.storyboard */,
				8470581B2790785F00F09856 /* Home.storyboard */,
				847058182790784100F09856 /* Profile.storyboard */,
				847057EC2790527300F09856 /* LaunchScreen.storyboard */,
			);
			path = Storyboards;
			sourceTree = "<group>";
		};
		8470581D27907B4100F09856 /* Controllers */ = {
			isa = PBXGroup;
			children = (
			);
			path = Controllers;
			sourceTree = "<group>";
		};
		8470581E27907B4F00F09856 /* Assets */ = {
			isa = PBXGroup;
			children = (
				847057EA2790527300F09856 /* Assets.xcassets */,
			);
			path = Assets;
			sourceTree = "<group>";
		};
		8470581F27907B7300F09856 /* Extensions */ = {
			isa = PBXGroup;
			children = (
			);
			path = Extensions;
			sourceTree = "<group>";
		};
		8470582027907BC400F09856 /* Config Files */ = {
			isa = PBXGroup;
			children = (
				8470582127907BEE00F09856 /* Models */,
			);
			path = "Config Files";
			sourceTree = "<group>";
		};
		8470582127907BEE00F09856 /* Models */ = {
			isa = PBXGroup;
			children = (
			);
			path = Models;
			sourceTree = "<group>";
		};
		8470582227907C5100F09856 /* Property List */ = {
			isa = PBXGroup;
			children = (
				847057EF2790527300F09856 /* Info.plist */,
			);
			path = "Property List";
			sourceTree = "<group>";
		};
/* End PBXGroup section */

/* Begin PBXNativeTarget section */
		847057DD2790526E00F09856 /* Skills Development App */ = {
			isa = PBXNativeTarget;
			buildConfigurationList = 847058082790527400F09856 /* Build configuration list for PBXNativeTarget "Skills Development App" */;
			buildPhases = (
				847057DA2790526E00F09856 /* Sources */,
				847057DB2790526E00F09856 /* Frameworks */,
				847057DC2790526E00F09856 /* Resources */,
			);
			buildRules = (
			);
			dependencies = (
			);
			name = "Skills Development App";
			productName = "Skills Development App";
			productReference = 847057DE2790526E00F09856 /* Skills Development App.app */;
			productType = "com.apple.product-type.application";
		};
		847057F32790527400F09856 /* Skills Development AppTests */ = {
			isa = PBXNativeTarget;
			buildConfigurationList = 8470580B2790527400F09856 /* Build configuration list for PBXNativeTarget "Skills Development AppTests" */;
			buildPhases = (
				847057F02790527400F09856 /* Sources */,
				847057F12790527400F09856 /* Frameworks */,
				847057F22790527400F09856 /* Resources */,
			);
			buildRules = (
			);
			dependencies = (
				847057F62790527400F09856 /* PBXTargetDependency */,
			);
			name = "Skills Development AppTests";
			productName = "Skills Development AppTests";
			productReference = 847057F42790527400F09856 /* Skills Development AppTests.xctest */;
			productType = "com.apple.product-type.bundle.unit-test";
		};
		847057FE2790527400F09856 /* Skills Development AppUITests */ = {
			isa = PBXNativeTarget;
			buildConfigurationList = 8470580E2790527400F09856 /* Build configuration list for PBXNativeTarget "Skills Development AppUITests" */;
			buildPhases = (
				847057FB2790527400F09856 /* Sources */,
				847057FC2790527400F09856 /* Frameworks */,
				847057FD2790527400F09856 /* Resources */,
			);
			buildRules = (
			);
			dependencies = (
				847058012790527400F09856 /* PBXTargetDependency */,
			);
			name = "Skills Development AppUITests";
			productName = "Skills Development AppUITests";
			productReference = 847057FF2790527400F09856 /* Skills Development AppUITests.xctest */;
			productType = "com.apple.product-type.bundle.ui-testing";
		};
/* End PBXNativeTarget section */

/* Begin PBXProject section */
		847057D62790526E00F09856 /* Project object */ = {
			isa = PBXProject;
			attributes = {
				LastSwiftUpdateCheck = 1250;
				LastUpgradeCheck = 1250;
				TargetAttributes = {
					847057DD2790526E00F09856 = {
						CreatedOnToolsVersion = 12.5.1;
					};
					847057F32790527400F09856 = {
						CreatedOnToolsVersion = 12.5.1;
						TestTargetID = 847057DD2790526E00F09856;
					};
					847057FE2790527400F09856 = {
						CreatedOnToolsVersion = 12.5.1;
						TestTargetID = 847057DD2790526E00F09856;
					};
				};
			};
			buildConfigurationList = 847057D92790526E00F09856 /* Build configuration list for PBXProject "Skills Development App" */;
			compatibilityVersion = "Xcode 9.3";
			developmentRegion = en;
			hasScannedForEncodings = 0;
			knownRegions = (
				en,
				Base,
			);
			mainGroup = 847057D52790526E00F09856;
			productRefGroup = 847057DF2790526E00F09856 /* Products */;
			projectDirPath = "";
			projectRoot = "";
			targets = (
				847057DD2790526E00F09856 /* Skills Development App */,
				847057F32790527400F09856 /* Skills Development AppTests */,
				847057FE2790527400F09856 /* Skills Development AppUITests */,
			);
		};
/* End PBXProject section */

/* Begin PBXResourcesBuildPhase section */
		847057DC2790526E00F09856 /* Resources */ = {
			isa = PBXResourcesBuildPhase;
			buildActionMask = 2147483647;
			files = (
				8470581C2790785F00F09856 /* Home.storyboard in Resources */,
				847058192790784100F09856 /* Profile.storyboard in Resources */,
				847057EE2790527300F09856 /* LaunchScreen.storyboard in Resources */,
				847057EB2790527300F09856 /* Assets.xcassets in Resources */,
				847057E92790526E00F09856 /* Main.storyboard in Resources */,
				847058172790782500F09856 /* Authentication.storyboard in Resources */,
			);
			runOnlyForDeploymentPostprocessing = 0;
		};
		847057F22790527400F09856 /* Resources */ = {
			isa = PBXResourcesBuildPhase;
			buildActionMask = 2147483647;
			files = (
			);
			runOnlyForDeploymentPostprocessing = 0;
		};
		847057FD2790527400F09856 /* Resources */ = {
			isa = PBXResourcesBuildPhase;
			buildActionMask = 2147483647;
			files = (
			);
			runOnlyForDeploymentPostprocessing = 0;
		};
/* End PBXResourcesBuildPhase section */

/* Begin PBXSourcesBuildPhase section */
		847057DA2790526E00F09856 /* Sources */ = {
			isa = PBXSourcesBuildPhase;
			buildActionMask = 2147483647;
			files = (
				8470582427907C8700F09856 /* AppSettings.swift in Sources */,
				847057E22790526E00F09856 /* AppDelegate.swift in Sources */,
			);
			runOnlyForDeploymentPostprocessing = 0;
		};
		847057F02790527400F09856 /* Sources */ = {
			isa = PBXSourcesBuildPhase;
			buildActionMask = 2147483647;
			files = (
				847057F92790527400F09856 /* Skills_Development_AppTests.swift in Sources */,
			);
			runOnlyForDeploymentPostprocessing = 0;
		};
		847057FB2790527400F09856 /* Sources */ = {
			isa = PBXSourcesBuildPhase;
			buildActionMask = 2147483647;
			files = (
				847058042790527400F09856 /* Skills_Development_AppUITests.swift in Sources */,
			);
			runOnlyForDeploymentPostprocessing = 0;
		};
/* End PBXSourcesBuildPhase section */

/* Begin PBXTargetDependency section */
		847057F62790527400F09856 /* PBXTargetDependency */ = {
			isa = PBXTargetDependency;
			target = 847057DD2790526E00F09856 /* Skills Development App */;
			targetProxy = 847057F52790527400F09856 /* PBXContainerItemProxy */;
		};
		847058012790527400F09856 /* PBXTargetDependency */ = {
			isa = PBXTargetDependency;
			target = 847057DD2790526E00F09856 /* Skills Development App */;
			targetProxy = 847058002790527400F09856 /* PBXContainerItemProxy */;
		};
/* End PBXTargetDependency section */

/* Begin PBXVariantGroup section */
		847057E72790526E00F09856 /* Main.storyboard */ = {
			isa = PBXVariantGroup;
			children = (
				847057E82790526E00F09856 /* Base */,
			);
			name = Main.storyboard;
			sourceTree = "<group>";
		};
		847057EC2790527300F09856 /* LaunchScreen.storyboard */ = {
			isa = PBXVariantGroup;
			children = (
				847057ED2790527300F09856 /* Base */,
			);
			name = LaunchScreen.storyboard;
			sourceTree = "<group>";
		};
/* End PBXVariantGroup section */

/* Begin XCBuildConfiguration section */
		847058062790527400F09856 /* Debug */ = {
			isa = XCBuildConfiguration;
			buildSettings = {
				ALWAYS_SEARCH_USER_PATHS = NO;
				CLANG_ANALYZER_NONNULL = YES;
				CLANG_ANALYZER_NUMBER_OBJECT_CONVERSION = YES_AGGRESSIVE;
				CLANG_CXX_LANGUAGE_STANDARD = "gnu++14";
				CLANG_CXX_LIBRARY = "libc++";
				CLANG_ENABLE_MODULES = YES;
				CLANG_ENABLE_OBJC_ARC = YES;
				CLANG_ENABLE_OBJC_WEAK = YES;
				CLANG_WARN_BLOCK_CAPTURE_AUTORELEASING = YES;
				CLANG_WARN_BOOL_CONVERSION = YES;
				CLANG_WARN_COMMA = YES;
				CLANG_WARN_CONSTANT_CONVERSION = YES;
				CLANG_WARN_DEPRECATED_OBJC_IMPLEMENTATIONS = YES;
				CLANG_WARN_DIRECT_OBJC_ISA_USAGE = YES_ERROR;
				CLANG_WARN_DOCUMENTATION_COMMENTS = YES;
				CLANG_WARN_EMPTY_BODY = YES;
				CLANG_WARN_ENUM_CONVERSION = YES;
				CLANG_WARN_INFINITE_RECURSION = YES;
				CLANG_WARN_INT_CONVERSION = YES;
				CLANG_WARN_NON_LITERAL_NULL_CONVERSION = YES;
				CLANG_WARN_OBJC_IMPLICIT_RETAIN_SELF = YES;
				CLANG_WARN_OBJC_LITERAL_CONVERSION = YES;
				CLANG_WARN_OBJC_ROOT_CLASS = YES_ERROR;
				CLANG_WARN_QUOTED_INCLUDE_IN_FRAMEWORK_HEADER = YES;
				CLANG_WARN_RANGE_LOOP_ANALYSIS = YES;
				CLANG_WARN_STRICT_PROTOTYPES = YES;
				CLANG_WARN_SUSPICIOUS_MOVE = YES;
				CLANG_WARN_UNGUARDED_AVAILABILITY = YES_AGGRESSIVE;
				CLANG_WARN_UNREACHABLE_CODE = YES;
				CLANG_WARN__DUPLICATE_METHOD_MATCH = YES;
				COPY_PHASE_STRIP = NO;
				DEBUG_INFORMATION_FORMAT = dwarf;
				ENABLE_STRICT_OBJC_MSGSEND = YES;
				ENABLE_TESTABILITY = YES;
				GCC_C_LANGUAGE_STANDARD = gnu11;
				GCC_DYNAMIC_NO_PIC = NO;
				GCC_NO_COMMON_BLOCKS = YES;
				GCC_OPTIMIZATION_LEVEL = 0;
				GCC_PREPROCESSOR_DEFINITIONS = (
					"DEBUG=1",
					"$(inherited)",
				);
				GCC_WARN_64_TO_32_BIT_CONVERSION = YES;
				GCC_WARN_ABOUT_RETURN_TYPE = YES_ERROR;
				GCC_WARN_UNDECLARED_SELECTOR = YES;
				GCC_WARN_UNINITIALIZED_AUTOS = YES_AGGRESSIVE;
				GCC_WARN_UNUSED_FUNCTION = YES;
				GCC_WARN_UNUSED_VARIABLE = YES;
				IPHONEOS_DEPLOYMENT_TARGET = 14.5;
				MTL_ENABLE_DEBUG_INFO = INCLUDE_SOURCE;
				MTL_FAST_MATH = YES;
				ONLY_ACTIVE_ARCH = YES;
				SDKROOT = iphoneos;
				SWIFT_ACTIVE_COMPILATION_CONDITIONS = DEBUG;
				SWIFT_OPTIMIZATION_LEVEL = "-Onone";
			};
			name = Debug;
		};
		847058072790527400F09856 /* Release */ = {
			isa = XCBuildConfiguration;
			buildSettings = {
				ALWAYS_SEARCH_USER_PATHS = NO;
				CLANG_ANALYZER_NONNULL = YES;
				CLANG_ANALYZER_NUMBER_OBJECT_CONVERSION = YES_AGGRESSIVE;
				CLANG_CXX_LANGUAGE_STANDARD = "gnu++14";
				CLANG_CXX_LIBRARY = "libc++";
				CLANG_ENABLE_MODULES = YES;
				CLANG_ENABLE_OBJC_ARC = YES;
				CLANG_ENABLE_OBJC_WEAK = YES;
				CLANG_WARN_BLOCK_CAPTURE_AUTORELEASING = YES;
				CLANG_WARN_BOOL_CONVERSION = YES;
				CLANG_WARN_COMMA = YES;
				CLANG_WARN_CONSTANT_CONVERSION = YES;
				CLANG_WARN_DEPRECATED_OBJC_IMPLEMENTATIONS = YES;
				CLANG_WARN_DIRECT_OBJC_ISA_USAGE = YES_ERROR;
				CLANG_WARN_DOCUMENTATION_COMMENTS = YES;
				CLANG_WARN_EMPTY_BODY = YES;
				CLANG_WARN_ENUM_CONVERSION = YES;
				CLANG_WARN_INFINITE_RECURSION = YES;
				CLANG_WARN_INT_CONVERSION = YES;
				CLANG_WARN_NON_LITERAL_NULL_CONVERSION = YES;
				CLANG_WARN_OBJC_IMPLICIT_RETAIN_SELF = YES;
				CLANG_WARN_OBJC_LITERAL_CONVERSION = YES;
				CLANG_WARN_OBJC_ROOT_CLASS = YES_ERROR;
				CLANG_WARN_QUOTED_INCLUDE_IN_FRAMEWORK_HEADER = YES;
				CLANG_WARN_RANGE_LOOP_ANALYSIS = YES;
				CLANG_WARN_STRICT_PROTOTYPES = YES;
				CLANG_WARN_SUSPICIOUS_MOVE = YES;
				CLANG_WARN_UNGUARDED_AVAILABILITY = YES_AGGRESSIVE;
				CLANG_WARN_UNREACHABLE_CODE = YES;
				CLANG_WARN__DUPLICATE_METHOD_MATCH = YES;
				COPY_PHASE_STRIP = NO;
				DEBUG_INFORMATION_FORMAT = "dwarf-with-dsym";
				ENABLE_NS_ASSERTIONS = NO;
				ENABLE_STRICT_OBJC_MSGSEND = YES;
				GCC_C_LANGUAGE_STANDARD = gnu11;
				GCC_NO_COMMON_BLOCKS = YES;
				GCC_WARN_64_TO_32_BIT_CONVERSION = YES;
				GCC_WARN_ABOUT_RETURN_TYPE = YES_ERROR;
				GCC_WARN_UNDECLARED_SELECTOR = YES;
				GCC_WARN_UNINITIALIZED_AUTOS = YES_AGGRESSIVE;
				GCC_WARN_UNUSED_FUNCTION = YES;
				GCC_WARN_UNUSED_VARIABLE = YES;
				IPHONEOS_DEPLOYMENT_TARGET = 14.5;
				MTL_ENABLE_DEBUG_INFO = NO;
				MTL_FAST_MATH = YES;
				SDKROOT = iphoneos;
				SWIFT_COMPILATION_MODE = wholemodule;
				SWIFT_OPTIMIZATION_LEVEL = "-O";
				VALIDATE_PRODUCT = YES;
			};
			name = Release;
		};
		847058092790527400F09856 /* Debug */ = {
			isa = XCBuildConfiguration;
			buildSettings = {
				ASSETCATALOG_COMPILER_APPICON_NAME = AppIcon;
				ASSETCATALOG_COMPILER_GLOBAL_ACCENT_COLOR_NAME = AccentColor;
				CODE_SIGN_STYLE = Automatic;
				DEVELOPMENT_TEAM = N4M3759P9C;
				INFOPLIST_FILE = "Skills Development App/Info.plist";
				IPHONEOS_DEPLOYMENT_TARGET = 14.5;
				LD_RUNPATH_SEARCH_PATHS = (
					"$(inherited)",
					"@executable_path/Frameworks",
				);
				PRODUCT_BUNDLE_IDENTIFIER = "com.Skills-Development-App";
				PRODUCT_NAME = "$(TARGET_NAME)";
				SWIFT_VERSION = 5.0;
				TARGETED_DEVICE_FAMILY = 1;
			};
			name = Debug;
		};
		8470580A2790527400F09856 /* Release */ = {
			isa = XCBuildConfiguration;
			buildSettings = {
				ASSETCATALOG_COMPILER_APPICON_NAME = AppIcon;
				ASSETCATALOG_COMPILER_GLOBAL_ACCENT_COLOR_NAME = AccentColor;
				CODE_SIGN_STYLE = Automatic;
				DEVELOPMENT_TEAM = N4M3759P9C;
				INFOPLIST_FILE = "Skills Development App/Info.plist";
				IPHONEOS_DEPLOYMENT_TARGET = 14.5;
				LD_RUNPATH_SEARCH_PATHS = (
					"$(inherited)",
					"@executable_path/Frameworks",
				);
				PRODUCT_BUNDLE_IDENTIFIER = "com.Skills-Development-App";
				PRODUCT_NAME = "$(TARGET_NAME)";
				SWIFT_VERSION = 5.0;
				TARGETED_DEVICE_FAMILY = 1;
			};
			name = Release;
		};
		8470580C2790527400F09856 /* Debug */ = {
			isa = XCBuildConfiguration;
			buildSettings = {
				ALWAYS_EMBED_SWIFT_STANDARD_LIBRARIES = YES;
				BUNDLE_LOADER = "$(TEST_HOST)";
				CODE_SIGN_STYLE = Automatic;
				DEVELOPMENT_TEAM = N4M3759P9C;
				INFOPLIST_FILE = "Skills Development AppTests/Info.plist";
				IPHONEOS_DEPLOYMENT_TARGET = 14.5;
				LD_RUNPATH_SEARCH_PATHS = (
					"$(inherited)",
					"@executable_path/Frameworks",
					"@loader_path/Frameworks",
				);
				PRODUCT_BUNDLE_IDENTIFIER = "com.Skills-Development-AppTests";
				PRODUCT_NAME = "$(TARGET_NAME)";
				SWIFT_VERSION = 5.0;
				TARGETED_DEVICE_FAMILY = "1,2";
				TEST_HOST = "$(BUILT_PRODUCTS_DIR)/Skills Development App.app/Skills Development App";
			};
			name = Debug;
		};
		8470580D2790527400F09856 /* Release */ = {
			isa = XCBuildConfiguration;
			buildSettings = {
				ALWAYS_EMBED_SWIFT_STANDARD_LIBRARIES = YES;
				BUNDLE_LOADER = "$(TEST_HOST)";
				CODE_SIGN_STYLE = Automatic;
				DEVELOPMENT_TEAM = N4M3759P9C;
				INFOPLIST_FILE = "Skills Development AppTests/Info.plist";
				IPHONEOS_DEPLOYMENT_TARGET = 14.5;
				LD_RUNPATH_SEARCH_PATHS = (
					"$(inherited)",
					"@executable_path/Frameworks",
					"@loader_path/Frameworks",
				);
				PRODUCT_BUNDLE_IDENTIFIER = "com.Skills-Development-AppTests";
				PRODUCT_NAME = "$(TARGET_NAME)";
				SWIFT_VERSION = 5.0;
				TARGETED_DEVICE_FAMILY = "1,2";
				TEST_HOST = "$(BUILT_PRODUCTS_DIR)/Skills Development App.app/Skills Development App";
			};
			name = Release;
		};
		8470580F2790527400F09856 /* Debug */ = {
			isa = XCBuildConfiguration;
			buildSettings = {
				ALWAYS_EMBED_SWIFT_STANDARD_LIBRARIES = YES;
				CODE_SIGN_STYLE = Automatic;
				DEVELOPMENT_TEAM = N4M3759P9C;
				INFOPLIST_FILE = "Skills Development AppUITests/Info.plist";
				LD_RUNPATH_SEARCH_PATHS = (
					"$(inherited)",
					"@executable_path/Frameworks",
					"@loader_path/Frameworks",
				);
				PRODUCT_BUNDLE_IDENTIFIER = "com.Skills-Development-AppUITests";
				PRODUCT_NAME = "$(TARGET_NAME)";
				SWIFT_VERSION = 5.0;
				TARGETED_DEVICE_FAMILY = "1,2";
				TEST_TARGET_NAME = "Skills Development App";
			};
			name = Debug;
		};
		847058102790527400F09856 /* Release */ = {
			isa = XCBuildConfiguration;
			buildSettings = {
				ALWAYS_EMBED_SWIFT_STANDARD_LIBRARIES = YES;
				CODE_SIGN_STYLE = Automatic;
				DEVELOPMENT_TEAM = N4M3759P9C;
				INFOPLIST_FILE = "Skills Development AppUITests/Info.plist";
				LD_RUNPATH_SEARCH_PATHS = (
					"$(inherited)",
					"@executable_path/Frameworks",
					"@loader_path/Frameworks",
				);
				PRODUCT_BUNDLE_IDENTIFIER = "com.Skills-Development-AppUITests";
				PRODUCT_NAME = "$(TARGET_NAME)";
				SWIFT_VERSION = 5.0;
				TARGETED_DEVICE_FAMILY = "1,2";
				TEST_TARGET_NAME = "Skills Development App";
			};
			name = Release;
		};
/* End XCBuildConfiguration section */

/* Begin XCConfigurationList section */
		847057D92790526E00F09856 /* Build configuration list for PBXProject "Skills Development App" */ = {
			isa = XCConfigurationList;
			buildConfigurations = (
				847058062790527400F09856 /* Debug */,
				847058072790527400F09856 /* Release */,
			);
			defaultConfigurationIsVisible = 0;
			defaultConfigurationName = Release;
		};
		847058082790527400F09856 /* Build configuration list for PBXNativeTarget "Skills Development App" */ = {
			isa = XCConfigurationList;
			buildConfigurations = (
				847058092790527400F09856 /* Debug */,
				8470580A2790527400F09856 /* Release */,
			);
			defaultConfigurationIsVisible = 0;
			defaultConfigurationName = Release;
		};
		8470580B2790527400F09856 /* Build configuration list for PBXNativeTarget "Skills Development AppTests" */ = {
			isa = XCConfigurationList;
			buildConfigurations = (
				8470580C2790527400F09856 /* Debug */,
				8470580D2790527400F09856 /* Release */,
			);
			defaultConfigurationIsVisible = 0;
			defaultConfigurationName = Release;
		};
		8470580E2790527400F09856 /* Build configuration list for PBXNativeTarget "Skills Development AppUITests" */ = {
			isa = XCConfigurationList;
			buildConfigurations = (
				8470580F2790527400F09856 /* Debug */,
				847058102790527400F09856 /* Release */,
			);
			defaultConfigurationIsVisible = 0;
			defaultConfigurationName = Release;
		};
/* End XCConfigurationList section */
	};
	rootObject = 847057D62790526E00F09856 /* Project object */;
}
